
Microsoft Visual Studio Solution File, Format Version 12.00
# Visual Studio 2012
Project("{FAE04EC0-301F-11D3-BF4B-00C04F79EFBC}") = "ModelFirstSample", "ModelFirstSample\ModelFirstSample.csproj", "{B5DF7E3F-B4D5-4A23-B928-7C0FC8755FE8}"
EndProject
Global
	GlobalSection(SolutionConfigurationPlatforms) = preSolution
		Debug|Any CPU = Debug|Any CPU
		Release|Any CPU = Release|Any CPU
	EndGlobalSection
	GlobalSection(ProjectConfigurationPlatforms) = postSolution
		{B5DF7E3F-B4D5-4A23-B928-7C0FC8755FE8}.Debug|Any CPU.ActiveCfg = Debug|Any CPU
		{B5DF7E3F-B4D5-4A23-B928-7C0FC8755FE8}.Debug|Any CPU.Build.0 = Debug|Any CPU
		{B5DF7E3F-B4D5-4A23-B928-7C0FC8755FE8}.Release|Any CPU.ActiveCfg = Release|Any CPU
		{B5DF7E3F-B4D5-4A23-B928-7C0FC8755FE8}.Release|Any CPU.Build.0 = Release|Any CPU
	EndGlobalSection
	GlobalSection(SolutionProperties) = preSolution
		HideSolutionNode = FALSE
	EndGlobalSection
EndGlobal
